
Microsoft Visual Studio Solution File, Format Version 12.00
# Visual Studio Version 17
VisualStudioVersion = 17.14.36623.8 d17.14
MinimumVisualStudioVersion = 10.0.40219.1
Project("{8BC9CEB8-8B4A-11D0-8D11-00A0C91BC942}") = "BackgammonLib", "..\BackgammonLib\BackgammonLib.vcxproj", "{9E8D1BD3-53DD-4A65-AD14-DE68F40AE1D6}"
EndProject
Project("{8BC9CEB8-8B4A-11D0-8D11-00A0C91BC942}") = "BackgammonUI", "..\BackgammonUI\BackgammonUI\BackgammonUI.vcxproj", "{D76576BE-683C-4752-A95C-342304294E50}"
	ProjectSection(ProjectDependencies) = postProject
		{9E8D1BD3-53DD-4A65-AD14-DE68F40AE1D6} = {9E8D1BD3-53DD-4A65-AD14-DE68F40AE1D6}
	EndProjectSection
EndProject
Global
	GlobalSection(SolutionConfigurationPlatforms) = preSolution
		Debug|x64 = Debug|x64
		Debug|x86 = Debug|x86
		Release|x64 = Release|x64
		Release|x86 = Release|x86
	EndGlobalSection
	GlobalSection(ProjectConfigurationPlatforms) = postSolution
		{9E8D1BD3-53DD-4A65-AD14-DE68F40AE1D6}.Debug|x64.ActiveCfg = Debug|x64
		{9E8D1BD3-53DD-4A65-AD14-DE68F40AE1D6}.Debug|x64.Build.0 = Debug|x64
		{9E8D1BD3-53DD-4A65-AD14-DE68F40AE1D6}.Debug|x86.ActiveCfg = Debug|Win32
		{9E8D1BD3-53DD-4A65-AD14-DE68F40AE1D6}.Debug|x86.Build.0 = Debug|Win32
		{9E8D1BD3-53DD-4A65-AD14-DE68F40AE1D6}.Release|x64.ActiveCfg = Release|x64
		{9E8D1BD3-53DD-4A65-AD14-DE68F40AE1D6}.Release|x64.Build.0 = Release|x64
		{9E8D1BD3-53DD-4A65-AD14-DE68F40AE1D6}.Release|x86.ActiveCfg = Release|Win32
		{9E8D1BD3-53DD-4A65-AD14-DE68F40AE1D6}.Release|x86.Build.0 = Release|Win32
		{D76576BE-683C-4752-A95C-342304294E50}.Debug|x64.ActiveCfg = Debug|x64
		{D76576BE-683C-4752-A95C-342304294E50}.Debug|x64.Build.0 = Debug|x64
		{D76576BE-683C-4752-A95C-342304294E50}.Debug|x86.ActiveCfg = Debug|x64
		{D76576BE-683C-4752-A95C-342304294E50}.Debug|x86.Build.0 = Debug|x64
		{D76576BE-683C-4752-A95C-342304294E50}.Release|x64.ActiveCfg = Release|x64
		{D76576BE-683C-4752-A95C-342304294E50}.Release|x64.Build.0 = Release|x64
		{D76576BE-683C-4752-A95C-342304294E50}.Release|x86.ActiveCfg = Release|x64
		{D76576BE-683C-4752-A95C-342304294E50}.Release|x86.Build.0 = Release|x64
	EndGlobalSection
	GlobalSection(SolutionProperties) = preSolution
		HideSolutionNode = FALSE
	EndGlobalSection
	GlobalSection(ExtensibilityGlobals) = postSolution
		SolutionGuid = {4B232CBD-7A58-4D2C-B6EB-21F3DA41C406}
	EndGlobalSection
EndGlobal
